
Microsoft Visual Studio Solution File, Format Version 12.00
# Visual Studio 15
VisualStudioVersion = 15.0.27428.2037
MinimumVisualStudioVersion = 10.0.40219.1
Project("{FAE04EC0-301F-11D3-BF4B-00C04F79EFBC}") = "PathSelectionModuleController", "PathSelectionModuleController.csproj", "{8ADD5B3F-E3BB-4803-A7B8-53B776FFE801}"
EndProject
Global
	GlobalSection(SolutionConfigurationPlatforms) = preSolution
		Debug|Any CPU = Debug|Any CPU
		Release|Any CPU = Release|Any CPU
	EndGlobalSection
	GlobalSection(ProjectConfigurationPlatforms) = postSolution
		{8ADD5B3F-E3BB-4803-A7B8-53B776FFE801}.Debug|Any CPU.ActiveCfg = Debug|Any CPU
		{8ADD5B3F-E3BB-4803-A7B8-53B776FFE801}.Debug|Any CPU.Build.0 = Debug|Any CPU
		{8ADD5B3F-E3BB-4803-A7B8-53B776FFE801}.Release|Any CPU.ActiveCfg = Release|Any CPU
		{8ADD5B3F-E3BB-4803-A7B8-53B776FFE801}.Release|Any CPU.Build.0 = Release|Any CPU
	EndGlobalSection
	GlobalSection(SolutionProperties) = preSolution
		HideSolutionNode = FALSE
	EndGlobalSection
	GlobalSection(ExtensibilityGlobals) = postSolution
		SolutionGuid = {C71CA822-0B03-49E4-AFC3-39FD9D3787C0}
	EndGlobalSection
EndGlobal
